
Microsoft Visual Studio Solution File, Format Version 12.00
# Visual Studio 15
VisualStudioVersion = 15.0.28307.438
MinimumVisualStudioVersion = 10.0.40219.1
Project("{FAE04EC0-301F-11D3-BF4B-00C04F79EFBC}") = "Registro", "Reg\Registro.csproj", "{2E19ED50-AEC8-4C11-9176-AF58AF4AFA4A}"
EndProject
Global
	GlobalSection(SolutionConfigurationPlatforms) = preSolution
		Debug|Any CPU = Debug|Any CPU
		Release|Any CPU = Release|Any CPU
	EndGlobalSection
	GlobalSection(ProjectConfigurationPlatforms) = postSolution
		{2E19ED50-AEC8-4C11-9176-AF58AF4AFA4A}.Debug|Any CPU.ActiveCfg = Debug|Any CPU
		{2E19ED50-AEC8-4C11-9176-AF58AF4AFA4A}.Debug|Any CPU.Build.0 = Debug|Any CPU
		{2E19ED50-AEC8-4C11-9176-AF58AF4AFA4A}.Release|Any CPU.ActiveCfg = Release|Any CPU
		{2E19ED50-AEC8-4C11-9176-AF58AF4AFA4A}.Release|Any CPU.Build.0 = Release|Any CPU
	EndGlobalSection
	GlobalSection(SolutionProperties) = preSolution
		HideSolutionNode = FALSE
	EndGlobalSection
	GlobalSection(ExtensibilityGlobals) = postSolution
		SolutionGuid = {250DCEEF-8F5B-4252-A74C-78EA4CA52A52}
	EndGlobalSection
EndGlobal
